
Microsoft Visual Studio Solution File, Format Version 12.00
Project("{FAE04EC0-301F-11D3-BF4B-00C04F79EFBC}") = "Test.Components.Droid", "Test.Components.Droid\Test.Components.Droid.csproj", "{9990C1C8-8C33-4ECF-9069-C29A2872877A}"
EndProject
Project("{FAE04EC0-301F-11D3-BF4B-00C04F79EFBC}") = "Test.Components.Forms", "Test.Components.Forms\Test.Components.Forms.csproj", "{F53339BA-CF71-4A46-890D-85F0E0EA21BC}"
EndProject
Project("{FAE04EC0-301F-11D3-BF4B-00C04F79EFBC}") = "Test.Components.Ios", "Test.Components.Ios\Test.Components.Ios.csproj", "{B1000572-40E2-4BCE-9B44-80B53B67D071}"
EndProject
Global
	GlobalSection(SolutionConfigurationPlatforms) = preSolution
		Debug|Any CPU = Debug|Any CPU
		Release|Any CPU = Release|Any CPU
	EndGlobalSection
	GlobalSection(ProjectConfigurationPlatforms) = postSolution
		{9990C1C8-8C33-4ECF-9069-C29A2872877A}.Debug|Any CPU.ActiveCfg = Debug|Any CPU
		{9990C1C8-8C33-4ECF-9069-C29A2872877A}.Debug|Any CPU.Build.0 = Debug|Any CPU
		{9990C1C8-8C33-4ECF-9069-C29A2872877A}.Release|Any CPU.ActiveCfg = Release|Any CPU
		{9990C1C8-8C33-4ECF-9069-C29A2872877A}.Release|Any CPU.Build.0 = Release|Any CPU
		{F53339BA-CF71-4A46-890D-85F0E0EA21BC}.Debug|Any CPU.ActiveCfg = Debug|Any CPU
		{F53339BA-CF71-4A46-890D-85F0E0EA21BC}.Debug|Any CPU.Build.0 = Debug|Any CPU
		{F53339BA-CF71-4A46-890D-85F0E0EA21BC}.Release|Any CPU.ActiveCfg = Release|Any CPU
		{F53339BA-CF71-4A46-890D-85F0E0EA21BC}.Release|Any CPU.Build.0 = Release|Any CPU
		{B1000572-40E2-4BCE-9B44-80B53B67D071}.Debug|Any CPU.ActiveCfg = Debug|Any CPU
		{B1000572-40E2-4BCE-9B44-80B53B67D071}.Debug|Any CPU.Build.0 = Debug|Any CPU
		{B1000572-40E2-4BCE-9B44-80B53B67D071}.Release|Any CPU.ActiveCfg = Release|Any CPU
		{B1000572-40E2-4BCE-9B44-80B53B67D071}.Release|Any CPU.Build.0 = Release|Any CPU
	EndGlobalSection
EndGlobal
